// !$*UTF8*$!
{
	archiveVersion = 1;
	classes = {
	};
	objectVersion = 56;
	objects = {

/* Begin PBXBuildFile section */
		B662B4B12AFC7F5700BD041A /* SecondViewControllerDelegate.swift in Sources */ = {isa = PBXBuildFile; fileRef = B662B4B02AFC7F5700BD041A /* SecondViewControllerDelegate.swift */; };
		B673055B2AFB83DA004FF66D /* AppDelegate.swift in Sources */ = {isa = PBXBuildFile; fileRef = B673055A2AFB83DA004FF66D /* AppDelegate.swift */; };
		B673055D2AFB83DA004FF66D /* SceneDelegate.swift in Sources */ = {isa = PBXBuildFile; fileRef = B673055C2AFB83DA004FF66D /* SceneDelegate.swift */; };
		B673055F2AFB83DA004FF66D /* ViewController.swift in Sources */ = {isa = PBXBuildFile; fileRef = B673055E2AFB83DA004FF66D /* ViewController.swift */; };
		B67305622AFB83DA004FF66D /* Main.storyboard in Resources */ = {isa = PBXBuildFile; fileRef = B67305602AFB83DA004FF66D /* Main.storyboard */; };
		B67305642AFB83DC004FF66D /* Assets.xcassets in Resources */ = {isa = PBXBuildFile; fileRef = B67305632AFB83DC004FF66D /* Assets.xcassets */; };
		B67305672AFB83DC004FF66D /* LaunchScreen.storyboard in Resources */ = {isa = PBXBuildFile; fileRef = B67305652AFB83DC004FF66D /* LaunchScreen.storyboard */; };
		B673056F2AFB83F0004FF66D /* SecondViewController.swift in Sources */ = {isa = PBXBuildFile; fileRef = B673056E2AFB83F0004FF66D /* SecondViewController.swift */; };
		B67305712AFB83F7004FF66D /* Second.storyboard in Resources */ = {isa = PBXBuildFile; fileRef = B67305702AFB83F7004FF66D /* Second.storyboard */; };
/* End PBXBuildFile section */

/* Begin PBXFileReference section */
		B662B4B02AFC7F5700BD041A /* SecondViewControllerDelegate.swift */ = {isa = PBXFileReference; lastKnownFileType = sourcecode.swift; path = SecondViewControllerDelegate.swift; sourceTree = "<group>"; };
		B67305572AFB83DA004FF66D /* Navigation Three.app */ = {isa = PBXFileReference; explicitFileType = wrapper.application; includeInIndex = 0; path = "Navigation Three.app"; sourceTree = BUILT_PRODUCTS_DIR; };
		B673055A2AFB83DA004FF66D /* AppDelegate.swift */ = {isa = PBXFileReference; lastKnownFileType = sourcecode.swift; path = AppDelegate.swift; sourceTree = "<group>"; };
		B673055C2AFB83DA004FF66D /* SceneDelegate.swift */ = {isa = PBXFileReference; lastKnownFileType = sourcecode.swift; path = SceneDelegate.swift; sourceTree = "<group>"; };
		B673055E2AFB83DA004FF66D /* ViewController.swift */ = {isa = PBXFileReference; lastKnownFileType = sourcecode.swift; path = ViewController.swift; sourceTree = "<group>"; };
		B67305612AFB83DA004FF66D /* Base */ = {isa = PBXFileReference; lastKnownFileType = file.storyboard; name = Base; path = Base.lproj/Main.storyboard; sourceTree = "<group>"; };
		B67305632AFB83DC004FF66D /* Assets.xcassets */ = {isa = PBXFileReference; lastKnownFileType = folder.assetcatalog; path = Assets.xcassets; sourceTree = "<group>"; };
		B67305662AFB83DC004FF66D /* Base */ = {isa = PBXFileReference; lastKnownFileType = file.storyboard; name = Base; path = Base.lproj/LaunchScreen.storyboard; sourceTree = "<group>"; };
		B67305682AFB83DC004FF66D /* Info.plist */ = {isa = PBXFileReference; lastKnownFileType = text.plist.xml; path = Info.plist; sourceTree = "<group>"; };
		B673056E2AFB83F0004FF66D /* SecondViewController.swift */ = {isa = PBXFileReference; lastKnownFileType = sourcecode.swift; path = SecondViewController.swift; sourceTree = "<group>"; };
		B67305702AFB83F7004FF66D /* Second.storyboard */ = {isa = PBXFileReference; lastKnownFileType = file.storyboard; path = Second.storyboard; sourceTree = "<group>"; };
/* End PBXFileReference section */

/* Begin PBXFrameworksBuildPhase section */
		B67305542AFB83DA004FF66D /* Frameworks */ = {
			isa = PBXFrameworksBuildPhase;
			buildActionMask = 2147483647;
			files = (
			);
			runOnlyForDeploymentPostprocessing = 0;
		};
/* End PBXFrameworksBuildPhase section */

/* Begin PBXGroup section */
		B673054E2AFB83DA004FF66D = {
			isa = PBXGroup;
			children = (
				B67305592AFB83DA004FF66D /* Navigation Three */,
				B67305582AFB83DA004FF66D /* Products */,
			);
			sourceTree = "<group>";
		};
		B67305582AFB83DA004FF66D /* Products */ = {
			isa = PBXGroup;
			children = (
				B67305572AFB83DA004FF66D /* Navigation Three.app */,
			);
			name = Products;
			sourceTree = "<group>";
		};
		B67305592AFB83DA004FF66D /* Navigation Three */ = {
			isa = PBXGroup;
			children = (
				B673055A2AFB83DA004FF66D /* AppDelegate.swift */,
				B673055C2AFB83DA004FF66D /* SceneDelegate.swift */,
				B673055E2AFB83DA004FF66D /* ViewController.swift */,
				B662B4B02AFC7F5700BD041A /* SecondViewControllerDelegate.swift */,
				B673056E2AFB83F0004FF66D /* SecondViewController.swift */,
				B67305602AFB83DA004FF66D /* Main.storyboard */,
				B67305702AFB83F7004FF66D /* Second.storyboard */,
				B67305652AFB83DC004FF66D /* LaunchScreen.storyboard */,
				B67305632AFB83DC004FF66D /* Assets.xcassets */,
				B67305682AFB83DC004FF66D /* Info.plist */,
			);
			path = "Navigation Three";
			sourceTree = "<group>";
		};
/* End PBXGroup section */

/* Begin PBXNativeTarget section */
		B67305562AFB83DA004FF66D /* Navigation Three */ = {
			isa = PBXNativeTarget;
			buildConfigurationList = B673056B2AFB83DC004FF66D /* Build configuration list for PBXNativeTarget "Navigation Three" */;
			buildPhases = (
				B67305532AFB83DA004FF66D /* Sources */,
				B67305542AFB83DA004FF66D /* Frameworks */,
				B67305552AFB83DA004FF66D /* Resources */,
			);
			buildRules = (
			);
			dependencies = (
			);
			name = "Navigation Three";
			productName = "Navigation Three";
			productReference = B67305572AFB83DA004FF66D /* Navigation Three.app */;
			productType = "com.apple.product-type.application";
		};
/* End PBXNativeTarget section */

/* Begin PBXProject section */
		B673054F2AFB83DA004FF66D /* Project object */ = {
			isa = PBXProject;
			attributes = {
				BuildIndependentTargetsInParallel = 1;
				LastSwiftUpdateCheck = 1500;
				LastUpgradeCheck = 1500;
				TargetAttributes = {
					B67305562AFB83DA004FF66D = {
						CreatedOnToolsVersion = 15.0.1;
					};
				};
			};
			buildConfigurationList = B67305522AFB83DA004FF66D /* Build configuration list for PBXProject "Navigation Three" */;
			compatibilityVersion = "Xcode 14.0";
			developmentRegion = en;
			hasScannedForEncodings = 0;
			knownRegions = (
				en,
				Base,
			);
			mainGroup = B673054E2AFB83DA004FF66D;
			productRefGroup = B67305582AFB83DA004FF66D /* Products */;
			projectDirPath = "";
			projectRoot = "";
			targets = (
				B67305562AFB83DA004FF66D /* Navigation Three */,
			);
		};
/* End PBXProject section */

/* Begin PBXResourcesBuildPhase section */
		B67305552AFB83DA004FF66D /* Resources */ = {
			isa = PBXResourcesBuildPhase;
			buildActionMask = 2147483647;
			files = (
				B67305712AFB83F7004FF66D /* Second.storyboard in Resources */,
				B67305672AFB83DC004FF66D /* LaunchScreen.storyboard in Resources */,
				B67305642AFB83DC004FF66D /* Assets.xcassets in Resources */,
				B67305622AFB83DA004FF66D /* Main.storyboard in Resources */,
			);
			runOnlyForDeploymentPostprocessing = 0;
		};
/* End PBXResourcesBuildPhase section */

/* Begin PBXSourcesBuildPhase section */
		B67305532AFB83DA004FF66D /* Sources */ = {
			isa = PBXSourcesBuildPhase;
			buildActionMask = 2147483647;
			files = (
				B673056F2AFB83F0004FF66D /* SecondViewController.swift in Sources */,
				B662B4B12AFC7F5700BD041A /* SecondViewControllerDelegate.swift in Sources */,
				B673055F2AFB83DA004FF66D /* ViewController.swift in Sources */,
				B673055B2AFB83DA004FF66D /* AppDelegate.swift in Sources */,
				B673055D2AFB83DA004FF66D /* SceneDelegate.swift in Sources */,
			);
			runOnlyForDeploymentPostprocessing = 0;
		};
/* End PBXSourcesBuildPhase section */

/* Begin PBXVariantGroup section */
		B67305602AFB83DA004FF66D /* Main.storyboard */ = {
			isa = PBXVariantGroup;
			children = (
				B67305612AFB83DA004FF66D /* Base */,
			);
			name = Main.storyboard;
			sourceTree = "<group>";
		};
		B67305652AFB83DC004FF66D /* LaunchScreen.storyboard */ = {
			isa = PBXVariantGroup;
			children = (
				B67305662AFB83DC004FF66D /* Base */,
			);
			name = LaunchScreen.storyboard;
			sourceTree = "<group>";
		};
/* End PBXVariantGroup section */

/* Begin XCBuildConfiguration section */
		B67305692AFB83DC004FF66D /* Debug */ = {
			isa = XCBuildConfiguration;
			buildSettings = {
				ALWAYS_SEARCH_USER_PATHS = NO;
				ASSETCATALOG_COMPILER_GENERATE_SWIFT_ASSET_SYMBOL_EXTENSIONS = YES;
				CLANG_ANALYZER_NONNULL = YES;
				CLANG_ANALYZER_NUMBER_OBJECT_CONVERSION = YES_AGGRESSIVE;
				CLANG_CXX_LANGUAGE_STANDARD = "gnu++20";
				CLANG_ENABLE_MODULES = YES;
				CLANG_ENABLE_OBJC_ARC = YES;
				CLANG_ENABLE_OBJC_WEAK = YES;
				CLANG_WARN_BLOCK_CAPTURE_AUTORELEASING = YES;
				CLANG_WARN_BOOL_CONVERSION = YES;
				CLANG_WARN_COMMA = YES;
				CLANG_WARN_CONSTANT_CONVERSION = YES;
				CLANG_WARN_DEPRECATED_OBJC_IMPLEMENTATIONS = YES;
				CLANG_WARN_DIRECT_OBJC_ISA_USAGE = YES_ERROR;
				CLANG_WARN_DOCUMENTATION_COMMENTS = YES;
				CLANG_WARN_EMPTY_BODY = YES;
				CLANG_WARN_ENUM_CONVERSION = YES;
				CLANG_WARN_INFINITE_RECURSION = YES;
				CLANG_WARN_INT_CONVERSION = YES;
				CLANG_WARN_NON_LITERAL_NULL_CONVERSION = YES;
				CLANG_WARN_OBJC_IMPLICIT_RETAIN_SELF = YES;
				CLANG_WARN_OBJC_LITERAL_CONVERSION = YES;
				CLANG_WARN_OBJC_ROOT_CLASS = YES_ERROR;
				CLANG_WARN_QUOTED_INCLUDE_IN_FRAMEWORK_HEADER = YES;
				CLANG_WARN_RANGE_LOOP_ANALYSIS = YES;
				CLANG_WARN_STRICT_PROTOTYPES = YES;
				CLANG_WARN_SUSPICIOUS_MOVE = YES;
				CLANG_WARN_UNGUARDED_AVAILABILITY = YES_AGGRESSIVE;
				CLANG_WARN_UNREACHABLE_CODE = YES;
				CLANG_WARN__DUPLICATE_METHOD_MATCH = YES;
				COPY_PHASE_STRIP = NO;
				DEBUG_INFORMATION_FORMAT = dwarf;
				ENABLE_STRICT_OBJC_MSGSEND = YES;
				ENABLE_TESTABILITY = YES;
				ENABLE_USER_SCRIPT_SANDBOXING = YES;
				GCC_C_LANGUAGE_STANDARD = gnu17;
				GCC_DYNAMIC_NO_PIC = NO;
				GCC_NO_COMMON_BLOCKS = YES;
				GCC_OPTIMIZATION_LEVEL = 0;
				GCC_PREPROCESSOR_DEFINITIONS = (
					"DEBUG=1",
					"$(inherited)",
				);
				GCC_WARN_64_TO_32_BIT_CONVERSION = YES;
				GCC_WARN_ABOUT_RETURN_TYPE = YES_ERROR;
				GCC_WARN_UNDECLARED_SELECTOR = YES;
				GCC_WARN_UNINITIALIZED_AUTOS = YES_AGGRESSIVE;
				GCC_WARN_UNUSED_FUNCTION = YES;
				GCC_WARN_UNUSED_VARIABLE = YES;
				IPHONEOS_DEPLOYMENT_TARGET = 17.0;
				LOCALIZATION_PREFERS_STRING_CATALOGS = YES;
				MTL_ENABLE_DEBUG_INFO = INCLUDE_SOURCE;
				MTL_FAST_MATH = YES;
				ONLY_ACTIVE_ARCH = YES;
				SDKROOT = iphoneos;
				SWIFT_ACTIVE_COMPILATION_CONDITIONS = "DEBUG $(inherited)";
				SWIFT_OPTIMIZATION_LEVEL = "-Onone";
			};
			name = Debug;
		};
		B673056A2AFB83DC004FF66D /* Release */ = {
			isa = XCBuildConfiguration;
			buildSettings = {
				ALWAYS_SEARCH_USER_PATHS = NO;
				ASSETCATALOG_COMPILER_GENERATE_SWIFT_ASSET_SYMBOL_EXTENSIONS = YES;
				CLANG_ANALYZER_NONNULL = YES;
				CLANG_ANALYZER_NUMBER_OBJECT_CONVERSION = YES_AGGRESSIVE;
				CLANG_CXX_LANGUAGE_STANDARD = "gnu++20";
				CLANG_ENABLE_MODULES = YES;
				CLANG_ENABLE_OBJC_ARC = YES;
				CLANG_ENABLE_OBJC_WEAK = YES;
				CLANG_WARN_BLOCK_CAPTURE_AUTORELEASING = YES;
				CLANG_WARN_BOOL_CONVERSION = YES;
				CLANG_WARN_COMMA = YES;
				CLANG_WARN_CONSTANT_CONVERSION = YES;
				CLANG_WARN_DEPRECATED_OBJC_IMPLEMENTATIONS = YES;
				CLANG_WARN_DIRECT_OBJC_ISA_USAGE = YES_ERROR;
				CLANG_WARN_DOCUMENTATION_COMMENTS = YES;
				CLANG_WARN_EMPTY_BODY = YES;
				CLANG_WARN_ENUM_CONVERSION = YES;
				CLANG_WARN_INFINITE_RECURSION = YES;
				CLANG_WARN_INT_CONVERSION = YES;
				CLANG_WARN_NON_LITERAL_NULL_CONVERSION = YES;
				CLANG_WARN_OBJC_IMPLICIT_RETAIN_SELF = YES;
				CLANG_WARN_OBJC_LITERAL_CONVERSION = YES;
				CLANG_WARN_OBJC_ROOT_CLASS = YES_ERROR;
				CLANG_WARN_QUOTED_INCLUDE_IN_FRAMEWORK_HEADER = YES;
				CLANG_WARN_RANGE_LOOP_ANALYSIS = YES;
				CLANG_WARN_STRICT_PROTOTYPES = YES;
				CLANG_WARN_SUSPICIOUS_MOVE = YES;
				CLANG_WARN_UNGUARDED_AVAILABILITY = YES_AGGRESSIVE;
				CLANG_WARN_UNREACHABLE_CODE = YES;
				CLANG_WARN__DUPLICATE_METHOD_MATCH = YES;
				COPY_PHASE_STRIP = NO;
				DEBUG_INFORMATION_FORMAT = "dwarf-with-dsym";
				ENABLE_NS_ASSERTIONS = NO;
				ENABLE_STRICT_OBJC_MSGSEND = YES;
				ENABLE_USER_SCRIPT_SANDBOXING = YES;
				GCC_C_LANGUAGE_STANDARD = gnu17;
				GCC_NO_COMMON_BLOCKS = YES;
				GCC_WARN_64_TO_32_BIT_CONVERSION = YES;
				GCC_WARN_ABOUT_RETURN_TYPE = YES_ERROR;
				GCC_WARN_UNDECLARED_SELECTOR = YES;
				GCC_WARN_UNINITIALIZED_AUTOS = YES_AGGRESSIVE;
				GCC_WARN_UNUSED_FUNCTION = YES;
				GCC_WARN_UNUSED_VARIABLE = YES;
				IPHONEOS_DEPLOYMENT_TARGET = 17.0;
				LOCALIZATION_PREFERS_STRING_CATALOGS = YES;
				MTL_ENABLE_DEBUG_INFO = NO;
				MTL_FAST_MATH = YES;
				SDKROOT = iphoneos;
				SWIFT_COMPILATION_MODE = wholemodule;
				VALIDATE_PRODUCT = YES;
			};
			name = Release;
		};
		B673056C2AFB83DC004FF66D /* Debug */ = {
			isa = XCBuildConfiguration;
			buildSettings = {
				ASSETCATALOG_COMPILER_APPICON_NAME = AppIcon;
				ASSETCATALOG_COMPILER_GLOBAL_ACCENT_COLOR_NAME = AccentColor;
				CODE_SIGN_STYLE = Automatic;
				CURRENT_PROJECT_VERSION = 1;
				DEVELOPMENT_TEAM = 2N64875GLV;
				GENERATE_INFOPLIST_FILE = YES;
				INFOPLIST_FILE = "Navigation Three/Info.plist";
				INFOPLIST_KEY_UIApplicationSupportsIndirectInputEvents = YES;
				INFOPLIST_KEY_UILaunchStoryboardName = LaunchScreen;
				INFOPLIST_KEY_UIMainStoryboardFile = Main;
				INFOPLIST_KEY_UISupportedInterfaceOrientations_iPad = "UIInterfaceOrientationPortrait UIInterfaceOrientationPortraitUpsideDown UIInterfaceOrientationLandscapeLeft UIInterfaceOrientationLandscapeRight";
				INFOPLIST_KEY_UISupportedInterfaceOrientations_iPhone = "UIInterfaceOrientationPortrait UIInterfaceOrientationLandscapeLeft UIInterfaceOrientationLandscapeRight";
				IPHONEOS_DEPLOYMENT_TARGET = 14.0;
				LD_RUNPATH_SEARCH_PATHS = (
					"$(inherited)",
					"@executable_path/Frameworks",
				);
				MARKETING_VERSION = 1.0;
				PRODUCT_BUNDLE_IDENTIFIER = "com.github.syndicate017.Navigation-Three";
				PRODUCT_NAME = "$(TARGET_NAME)";
				SUPPORTED_PLATFORMS = "iphoneos iphonesimulator";
				SUPPORTS_MACCATALYST = NO;
				SUPPORTS_MAC_DESIGNED_FOR_IPHONE_IPAD = NO;
				SWIFT_EMIT_LOC_STRINGS = YES;
				SWIFT_VERSION = 5.0;
				TARGETED_DEVICE_FAMILY = "1,2";
			};
			name = Debug;
		};
		B673056D2AFB83DC004FF66D /* Release */ = {
			isa = XCBuildConfiguration;
			buildSettings = {
				ASSETCATALOG_COMPILER_APPICON_NAME = AppIcon;
				ASSETCATALOG_COMPILER_GLOBAL_ACCENT_COLOR_NAME = AccentColor;
				CODE_SIGN_STYLE = Automatic;
				CURRENT_PROJECT_VERSION = 1;
				DEVELOPMENT_TEAM = 2N64875GLV;
				GENERATE_INFOPLIST_FILE = YES;
				INFOPLIST_FILE = "Navigation Three/Info.plist";
				INFOPLIST_KEY_UIApplicationSupportsIndirectInputEvents = YES;
				INFOPLIST_KEY_UILaunchStoryboardName = LaunchScreen;
				INFOPLIST_KEY_UIMainStoryboardFile = Main;
				INFOPLIST_KEY_UISupportedInterfaceOrientations_iPad = "UIInterfaceOrientationPortrait UIInterfaceOrientationPortraitUpsideDown UIInterfaceOrientationLandscapeLeft UIInterfaceOrientationLandscapeRight";
				INFOPLIST_KEY_UISupportedInterfaceOrientations_iPhone = "UIInterfaceOrientationPortrait UIInterfaceOrientationLandscapeLeft UIInterfaceOrientationLandscapeRight";
				IPHONEOS_DEPLOYMENT_TARGET = 14.0;
				LD_RUNPATH_SEARCH_PATHS = (
					"$(inherited)",
					"@executable_path/Frameworks",
				);
				MARKETING_VERSION = 1.0;
				PRODUCT_BUNDLE_IDENTIFIER = "com.github.syndicate017.Navigation-Three";
				PRODUCT_NAME = "$(TARGET_NAME)";
				SUPPORTED_PLATFORMS = "iphoneos iphonesimulator";
				SUPPORTS_MACCATALYST = NO;
				SUPPORTS_MAC_DESIGNED_FOR_IPHONE_IPAD = NO;
				SWIFT_EMIT_LOC_STRINGS = YES;
				SWIFT_VERSION = 5.0;
				TARGETED_DEVICE_FAMILY = "1,2";
			};
			name = Release;
		};
/* End XCBuildConfiguration section */

/* Begin XCConfigurationList section */
		B67305522AFB83DA004FF66D /* Build configuration list for PBXProject "Navigation Three" */ = {
			isa = XCConfigurationList;
			buildConfigurations = (
				B67305692AFB83DC004FF66D /* Debug */,
				B673056A2AFB83DC004FF66D /* Release */,
			);
			defaultConfigurationIsVisible = 0;
			defaultConfigurationName = Release;
		};
		B673056B2AFB83DC004FF66D /* Build configuration list for PBXNativeTarget "Navigation Three" */ = {
			isa = XCConfigurationList;
			buildConfigurations = (
				B673056C2AFB83DC004FF66D /* Debug */,
				B673056D2AFB83DC004FF66D /* Release */,
			);
			defaultConfigurationIsVisible = 0;
			defaultConfigurationName = Release;
		};
/* End XCConfigurationList section */
	};
	rootObject = B673054F2AFB83DA004FF66D /* Project object */;
}
