// !$*UTF8*$!
{
	archiveVersion = 1;
	classes = {
	};
	objectVersion = 56;
	objects = {

/* Begin PBXBuildFile section */
		B6BE02CB2B03434F00632680 /* AppDelegate.swift in Sources */ = {isa = PBXBuildFile; fileRef = B6BE02CA2B03434F00632680 /* AppDelegate.swift */; };
		B6BE02CD2B03434F00632680 /* SceneDelegate.swift in Sources */ = {isa = PBXBuildFile; fileRef = B6BE02CC2B03434F00632680 /* SceneDelegate.swift */; };
		B6BE02CF2B03434F00632680 /* ViewController.swift in Sources */ = {isa = PBXBuildFile; fileRef = B6BE02CE2B03434F00632680 /* ViewController.swift */; };
		B6BE02D22B03434F00632680 /* Main.storyboard in Resources */ = {isa = PBXBuildFile; fileRef = B6BE02D02B03434F00632680 /* Main.storyboard */; };
		B6BE02D42B03435400632680 /* Assets.xcassets in Resources */ = {isa = PBXBuildFile; fileRef = B6BE02D32B03435400632680 /* Assets.xcassets */; };
		B6BE02D72B03435400632680 /* LaunchScreen.storyboard in Resources */ = {isa = PBXBuildFile; fileRef = B6BE02D52B03435400632680 /* LaunchScreen.storyboard */; };
		B6BE02DF2B03453000632680 /* AlertPresenterProtocol.swift in Sources */ = {isa = PBXBuildFile; fileRef = B6BE02DE2B03453000632680 /* AlertPresenterProtocol.swift */; };
		B6BE02E12B0345BC00632680 /* AlertActionType.swift in Sources */ = {isa = PBXBuildFile; fileRef = B6BE02E02B0345BC00632680 /* AlertActionType.swift */; };
		B6BE02E32B03462300632680 /* AlertPresenter.swift in Sources */ = {isa = PBXBuildFile; fileRef = B6BE02E22B03462300632680 /* AlertPresenter.swift */; };
		B6BE02E52B034CA900632680 /* CustomAlertView.swift in Sources */ = {isa = PBXBuildFile; fileRef = B6BE02E42B034CA900632680 /* CustomAlertView.swift */; };
		B6BE02E72B034CBD00632680 /* CustomAlertView.xib in Resources */ = {isa = PBXBuildFile; fileRef = B6BE02E62B034CBD00632680 /* CustomAlertView.xib */; };
		DE4875263E3DEAE3D7AF563C /* Pods_CustomAlertView.framework in Frameworks */ = {isa = PBXBuildFile; fileRef = EB854B6F1CD77C44B3F1D5B5 /* Pods_CustomAlertView.framework */; };
/* End PBXBuildFile section */

/* Begin PBXFileReference section */
		0D7D799159E8429AC59EEAF6 /* Pods-CustomAlertView.debug.xcconfig */ = {isa = PBXFileReference; includeInIndex = 1; lastKnownFileType = text.xcconfig; name = "Pods-CustomAlertView.debug.xcconfig"; path = "Target Support Files/Pods-CustomAlertView/Pods-CustomAlertView.debug.xcconfig"; sourceTree = "<group>"; };
		323A5D31EF462997D0A06672 /* Pods-CustomAlertView.release.xcconfig */ = {isa = PBXFileReference; includeInIndex = 1; lastKnownFileType = text.xcconfig; name = "Pods-CustomAlertView.release.xcconfig"; path = "Target Support Files/Pods-CustomAlertView/Pods-CustomAlertView.release.xcconfig"; sourceTree = "<group>"; };
		B6BE02C72B03434F00632680 /* CustomAlertView.app */ = {isa = PBXFileReference; explicitFileType = wrapper.application; includeInIndex = 0; path = CustomAlertView.app; sourceTree = BUILT_PRODUCTS_DIR; };
		B6BE02CA2B03434F00632680 /* AppDelegate.swift */ = {isa = PBXFileReference; lastKnownFileType = sourcecode.swift; path = AppDelegate.swift; sourceTree = "<group>"; };
		B6BE02CC2B03434F00632680 /* SceneDelegate.swift */ = {isa = PBXFileReference; lastKnownFileType = sourcecode.swift; path = SceneDelegate.swift; sourceTree = "<group>"; };
		B6BE02CE2B03434F00632680 /* ViewController.swift */ = {isa = PBXFileReference; lastKnownFileType = sourcecode.swift; path = ViewController.swift; sourceTree = "<group>"; };
		B6BE02D12B03434F00632680 /* Base */ = {isa = PBXFileReference; lastKnownFileType = file.storyboard; name = Base; path = Base.lproj/Main.storyboard; sourceTree = "<group>"; };
		B6BE02D32B03435400632680 /* Assets.xcassets */ = {isa = PBXFileReference; lastKnownFileType = folder.assetcatalog; path = Assets.xcassets; sourceTree = "<group>"; };
		B6BE02D62B03435400632680 /* Base */ = {isa = PBXFileReference; lastKnownFileType = file.storyboard; name = Base; path = Base.lproj/LaunchScreen.storyboard; sourceTree = "<group>"; };
		B6BE02D82B03435400632680 /* Info.plist */ = {isa = PBXFileReference; lastKnownFileType = text.plist.xml; path = Info.plist; sourceTree = "<group>"; };
		B6BE02DE2B03453000632680 /* AlertPresenterProtocol.swift */ = {isa = PBXFileReference; lastKnownFileType = sourcecode.swift; path = AlertPresenterProtocol.swift; sourceTree = "<group>"; };
		B6BE02E02B0345BC00632680 /* AlertActionType.swift */ = {isa = PBXFileReference; lastKnownFileType = sourcecode.swift; path = AlertActionType.swift; sourceTree = "<group>"; };
		B6BE02E22B03462300632680 /* AlertPresenter.swift */ = {isa = PBXFileReference; lastKnownFileType = sourcecode.swift; path = AlertPresenter.swift; sourceTree = "<group>"; };
		B6BE02E42B034CA900632680 /* CustomAlertView.swift */ = {isa = PBXFileReference; lastKnownFileType = sourcecode.swift; path = CustomAlertView.swift; sourceTree = "<group>"; };
		B6BE02E62B034CBD00632680 /* CustomAlertView.xib */ = {isa = PBXFileReference; lastKnownFileType = file.xib; path = CustomAlertView.xib; sourceTree = "<group>"; };
		EB854B6F1CD77C44B3F1D5B5 /* Pods_CustomAlertView.framework */ = {isa = PBXFileReference; explicitFileType = wrapper.framework; includeInIndex = 0; path = Pods_CustomAlertView.framework; sourceTree = BUILT_PRODUCTS_DIR; };
/* End PBXFileReference section */

/* Begin PBXFrameworksBuildPhase section */
		B6BE02C42B03434F00632680 /* Frameworks */ = {
			isa = PBXFrameworksBuildPhase;
			buildActionMask = 2147483647;
			files = (
				DE4875263E3DEAE3D7AF563C /* Pods_CustomAlertView.framework in Frameworks */,
			);
			runOnlyForDeploymentPostprocessing = 0;
		};
/* End PBXFrameworksBuildPhase section */

/* Begin PBXGroup section */
		6A1BE06B0A8054483D9B122B /* Pods */ = {
			isa = PBXGroup;
			children = (
				0D7D799159E8429AC59EEAF6 /* Pods-CustomAlertView.debug.xcconfig */,
				323A5D31EF462997D0A06672 /* Pods-CustomAlertView.release.xcconfig */,
			);
			path = Pods;
			sourceTree = "<group>";
		};
		B6BE02BE2B03434F00632680 = {
			isa = PBXGroup;
			children = (
				B6BE02C92B03434F00632680 /* CustomAlertView */,
				B6BE02C82B03434F00632680 /* Products */,
				6A1BE06B0A8054483D9B122B /* Pods */,
				BC86CF107F5E3F2201C8FB94 /* Frameworks */,
			);
			sourceTree = "<group>";
		};
		B6BE02C82B03434F00632680 /* Products */ = {
			isa = PBXGroup;
			children = (
				B6BE02C72B03434F00632680 /* CustomAlertView.app */,
			);
			name = Products;
			sourceTree = "<group>";
		};
		B6BE02C92B03434F00632680 /* CustomAlertView */ = {
			isa = PBXGroup;
			children = (
				B6BE02CA2B03434F00632680 /* AppDelegate.swift */,
				B6BE02CC2B03434F00632680 /* SceneDelegate.swift */,
				B6BE02CE2B03434F00632680 /* ViewController.swift */,
				B6BE02D02B03434F00632680 /* Main.storyboard */,
				B6BE02D52B03435400632680 /* LaunchScreen.storyboard */,
				B6BE02D32B03435400632680 /* Assets.xcassets */,
				B6BE02D82B03435400632680 /* Info.plist */,
				B6BE02DE2B03453000632680 /* AlertPresenterProtocol.swift */,
				B6BE02E02B0345BC00632680 /* AlertActionType.swift */,
				B6BE02E22B03462300632680 /* AlertPresenter.swift */,
				B6BE02E42B034CA900632680 /* CustomAlertView.swift */,
				B6BE02E62B034CBD00632680 /* CustomAlertView.xib */,
			);
			path = CustomAlertView;
			sourceTree = "<group>";
		};
		BC86CF107F5E3F2201C8FB94 /* Frameworks */ = {
			isa = PBXGroup;
			children = (
				EB854B6F1CD77C44B3F1D5B5 /* Pods_CustomAlertView.framework */,
			);
			name = Frameworks;
			sourceTree = "<group>";
		};
/* End PBXGroup section */

/* Begin PBXNativeTarget section */
		B6BE02C62B03434F00632680 /* CustomAlertView */ = {
			isa = PBXNativeTarget;
			buildConfigurationList = B6BE02DB2B03435400632680 /* Build configuration list for PBXNativeTarget "CustomAlertView" */;
			buildPhases = (
				1D5AD2A61FDE74D7C60F0E6C /* [CP] Check Pods Manifest.lock */,
				B6BE02C32B03434F00632680 /* Sources */,
				B6BE02C42B03434F00632680 /* Frameworks */,
				B6BE02C52B03434F00632680 /* Resources */,
				780E8FEC3DB09C19B27266C3 /* [CP] Embed Pods Frameworks */,
			);
			buildRules = (
			);
			dependencies = (
			);
			name = CustomAlertView;
			productName = CustomAlertView;
			productReference = B6BE02C72B03434F00632680 /* CustomAlertView.app */;
			productType = "com.apple.product-type.application";
		};
/* End PBXNativeTarget section */

/* Begin PBXProject section */
		B6BE02BF2B03434F00632680 /* Project object */ = {
			isa = PBXProject;
			attributes = {
				BuildIndependentTargetsInParallel = 1;
				LastSwiftUpdateCheck = 1500;
				LastUpgradeCheck = 1500;
				TargetAttributes = {
					B6BE02C62B03434F00632680 = {
						CreatedOnToolsVersion = 15.0.1;
					};
				};
			};
			buildConfigurationList = B6BE02C22B03434F00632680 /* Build configuration list for PBXProject "CustomAlertView" */;
			compatibilityVersion = "Xcode 14.0";
			developmentRegion = en;
			hasScannedForEncodings = 0;
			knownRegions = (
				en,
				Base,
			);
			mainGroup = B6BE02BE2B03434F00632680;
			productRefGroup = B6BE02C82B03434F00632680 /* Products */;
			projectDirPath = "";
			projectRoot = "";
			targets = (
				B6BE02C62B03434F00632680 /* CustomAlertView */,
			);
		};
/* End PBXProject section */

/* Begin PBXResourcesBuildPhase section */
		B6BE02C52B03434F00632680 /* Resources */ = {
			isa = PBXResourcesBuildPhase;
			buildActionMask = 2147483647;
			files = (
				B6BE02D72B03435400632680 /* LaunchScreen.storyboard in Resources */,
				B6BE02D42B03435400632680 /* Assets.xcassets in Resources */,
				B6BE02E72B034CBD00632680 /* CustomAlertView.xib in Resources */,
				B6BE02D22B03434F00632680 /* Main.storyboard in Resources */,
			);
			runOnlyForDeploymentPostprocessing = 0;
		};
/* End PBXResourcesBuildPhase section */

/* Begin PBXShellScriptBuildPhase section */
		1D5AD2A61FDE74D7C60F0E6C /* [CP] Check Pods Manifest.lock */ = {
			isa = PBXShellScriptBuildPhase;
			buildActionMask = 2147483647;
			files = (
			);
			inputFileListPaths = (
			);
			inputPaths = (
				"${PODS_PODFILE_DIR_PATH}/Podfile.lock",
				"${PODS_ROOT}/Manifest.lock",
			);
			name = "[CP] Check Pods Manifest.lock";
			outputFileListPaths = (
			);
			outputPaths = (
				"$(DERIVED_FILE_DIR)/Pods-CustomAlertView-checkManifestLockResult.txt",
			);
			runOnlyForDeploymentPostprocessing = 0;
			shellPath = /bin/sh;
			shellScript = "diff \"${PODS_PODFILE_DIR_PATH}/Podfile.lock\" \"${PODS_ROOT}/Manifest.lock\" > /dev/null\nif [ $? != 0 ] ; then\n    # print error to STDERR\n    echo \"error: The sandbox is not in sync with the Podfile.lock. Run 'pod install' or update your CocoaPods installation.\" >&2\n    exit 1\nfi\n# This output is used by Xcode 'outputs' to avoid re-running this script phase.\necho \"SUCCESS\" > \"${SCRIPT_OUTPUT_FILE_0}\"\n";
			showEnvVarsInLog = 0;
		};
		780E8FEC3DB09C19B27266C3 /* [CP] Embed Pods Frameworks */ = {
			isa = PBXShellScriptBuildPhase;
			buildActionMask = 2147483647;
			files = (
			);
			inputFileListPaths = (
				"${PODS_ROOT}/Target Support Files/Pods-CustomAlertView/Pods-CustomAlertView-frameworks-${CONFIGURATION}-input-files.xcfilelist",
			);
			name = "[CP] Embed Pods Frameworks";
			outputFileListPaths = (
				"${PODS_ROOT}/Target Support Files/Pods-CustomAlertView/Pods-CustomAlertView-frameworks-${CONFIGURATION}-output-files.xcfilelist",
			);
			runOnlyForDeploymentPostprocessing = 0;
			shellPath = /bin/sh;
			shellScript = "\"${PODS_ROOT}/Target Support Files/Pods-CustomAlertView/Pods-CustomAlertView-frameworks.sh\"\n";
			showEnvVarsInLog = 0;
		};
/* End PBXShellScriptBuildPhase section */

/* Begin PBXSourcesBuildPhase section */
		B6BE02C32B03434F00632680 /* Sources */ = {
			isa = PBXSourcesBuildPhase;
			buildActionMask = 2147483647;
			files = (
				B6BE02CF2B03434F00632680 /* ViewController.swift in Sources */,
				B6BE02E52B034CA900632680 /* CustomAlertView.swift in Sources */,
				B6BE02E12B0345BC00632680 /* AlertActionType.swift in Sources */,
				B6BE02DF2B03453000632680 /* AlertPresenterProtocol.swift in Sources */,
				B6BE02CB2B03434F00632680 /* AppDelegate.swift in Sources */,
				B6BE02CD2B03434F00632680 /* SceneDelegate.swift in Sources */,
				B6BE02E32B03462300632680 /* AlertPresenter.swift in Sources */,
			);
			runOnlyForDeploymentPostprocessing = 0;
		};
/* End PBXSourcesBuildPhase section */

/* Begin PBXVariantGroup section */
		B6BE02D02B03434F00632680 /* Main.storyboard */ = {
			isa = PBXVariantGroup;
			children = (
				B6BE02D12B03434F00632680 /* Base */,
			);
			name = Main.storyboard;
			sourceTree = "<group>";
		};
		B6BE02D52B03435400632680 /* LaunchScreen.storyboard */ = {
			isa = PBXVariantGroup;
			children = (
				B6BE02D62B03435400632680 /* Base */,
			);
			name = LaunchScreen.storyboard;
			sourceTree = "<group>";
		};
/* End PBXVariantGroup section */

/* Begin XCBuildConfiguration section */
		B6BE02D92B03435400632680 /* Debug */ = {
			isa = XCBuildConfiguration;
			buildSettings = {
				ALWAYS_SEARCH_USER_PATHS = NO;
				ASSETCATALOG_COMPILER_GENERATE_SWIFT_ASSET_SYMBOL_EXTENSIONS = YES;
				CLANG_ANALYZER_NONNULL = YES;
				CLANG_ANALYZER_NUMBER_OBJECT_CONVERSION = YES_AGGRESSIVE;
				CLANG_CXX_LANGUAGE_STANDARD = "gnu++20";
				CLANG_ENABLE_MODULES = YES;
				CLANG_ENABLE_OBJC_ARC = YES;
				CLANG_ENABLE_OBJC_WEAK = YES;
				CLANG_WARN_BLOCK_CAPTURE_AUTORELEASING = YES;
				CLANG_WARN_BOOL_CONVERSION = YES;
				CLANG_WARN_COMMA = YES;
				CLANG_WARN_CONSTANT_CONVERSION = YES;
				CLANG_WARN_DEPRECATED_OBJC_IMPLEMENTATIONS = YES;
				CLANG_WARN_DIRECT_OBJC_ISA_USAGE = YES_ERROR;
				CLANG_WARN_DOCUMENTATION_COMMENTS = YES;
				CLANG_WARN_EMPTY_BODY = YES;
				CLANG_WARN_ENUM_CONVERSION = YES;
				CLANG_WARN_INFINITE_RECURSION = YES;
				CLANG_WARN_INT_CONVERSION = YES;
				CLANG_WARN_NON_LITERAL_NULL_CONVERSION = YES;
				CLANG_WARN_OBJC_IMPLICIT_RETAIN_SELF = YES;
				CLANG_WARN_OBJC_LITERAL_CONVERSION = YES;
				CLANG_WARN_OBJC_ROOT_CLASS = YES_ERROR;
				CLANG_WARN_QUOTED_INCLUDE_IN_FRAMEWORK_HEADER = YES;
				CLANG_WARN_RANGE_LOOP_ANALYSIS = YES;
				CLANG_WARN_STRICT_PROTOTYPES = YES;
				CLANG_WARN_SUSPICIOUS_MOVE = YES;
				CLANG_WARN_UNGUARDED_AVAILABILITY = YES_AGGRESSIVE;
				CLANG_WARN_UNREACHABLE_CODE = YES;
				CLANG_WARN__DUPLICATE_METHOD_MATCH = YES;
				COPY_PHASE_STRIP = NO;
				DEBUG_INFORMATION_FORMAT = dwarf;
				ENABLE_STRICT_OBJC_MSGSEND = YES;
				ENABLE_TESTABILITY = YES;
				ENABLE_USER_SCRIPT_SANDBOXING = YES;
				GCC_C_LANGUAGE_STANDARD = gnu17;
				GCC_DYNAMIC_NO_PIC = NO;
				GCC_NO_COMMON_BLOCKS = YES;
				GCC_OPTIMIZATION_LEVEL = 0;
				GCC_PREPROCESSOR_DEFINITIONS = (
					"DEBUG=1",
					"$(inherited)",
				);
				GCC_WARN_64_TO_32_BIT_CONVERSION = YES;
				GCC_WARN_ABOUT_RETURN_TYPE = YES_ERROR;
				GCC_WARN_UNDECLARED_SELECTOR = YES;
				GCC_WARN_UNINITIALIZED_AUTOS = YES_AGGRESSIVE;
				GCC_WARN_UNUSED_FUNCTION = YES;
				GCC_WARN_UNUSED_VARIABLE = YES;
				IPHONEOS_DEPLOYMENT_TARGET = 17.0;
				LOCALIZATION_PREFERS_STRING_CATALOGS = YES;
				MTL_ENABLE_DEBUG_INFO = INCLUDE_SOURCE;
				MTL_FAST_MATH = YES;
				ONLY_ACTIVE_ARCH = YES;
				SDKROOT = iphoneos;
				SWIFT_ACTIVE_COMPILATION_CONDITIONS = "DEBUG $(inherited)";
				SWIFT_OPTIMIZATION_LEVEL = "-Onone";
			};
			name = Debug;
		};
		B6BE02DA2B03435400632680 /* Release */ = {
			isa = XCBuildConfiguration;
			buildSettings = {
				ALWAYS_SEARCH_USER_PATHS = NO;
				ASSETCATALOG_COMPILER_GENERATE_SWIFT_ASSET_SYMBOL_EXTENSIONS = YES;
				CLANG_ANALYZER_NONNULL = YES;
				CLANG_ANALYZER_NUMBER_OBJECT_CONVERSION = YES_AGGRESSIVE;
				CLANG_CXX_LANGUAGE_STANDARD = "gnu++20";
				CLANG_ENABLE_MODULES = YES;
				CLANG_ENABLE_OBJC_ARC = YES;
				CLANG_ENABLE_OBJC_WEAK = YES;
				CLANG_WARN_BLOCK_CAPTURE_AUTORELEASING = YES;
				CLANG_WARN_BOOL_CONVERSION = YES;
				CLANG_WARN_COMMA = YES;
				CLANG_WARN_CONSTANT_CONVERSION = YES;
				CLANG_WARN_DEPRECATED_OBJC_IMPLEMENTATIONS = YES;
				CLANG_WARN_DIRECT_OBJC_ISA_USAGE = YES_ERROR;
				CLANG_WARN_DOCUMENTATION_COMMENTS = YES;
				CLANG_WARN_EMPTY_BODY = YES;
				CLANG_WARN_ENUM_CONVERSION = YES;
				CLANG_WARN_INFINITE_RECURSION = YES;
				CLANG_WARN_INT_CONVERSION = YES;
				CLANG_WARN_NON_LITERAL_NULL_CONVERSION = YES;
				CLANG_WARN_OBJC_IMPLICIT_RETAIN_SELF = YES;
				CLANG_WARN_OBJC_LITERAL_CONVERSION = YES;
				CLANG_WARN_OBJC_ROOT_CLASS = YES_ERROR;
				CLANG_WARN_QUOTED_INCLUDE_IN_FRAMEWORK_HEADER = YES;
				CLANG_WARN_RANGE_LOOP_ANALYSIS = YES;
				CLANG_WARN_STRICT_PROTOTYPES = YES;
				CLANG_WARN_SUSPICIOUS_MOVE = YES;
				CLANG_WARN_UNGUARDED_AVAILABILITY = YES_AGGRESSIVE;
				CLANG_WARN_UNREACHABLE_CODE = YES;
				CLANG_WARN__DUPLICATE_METHOD_MATCH = YES;
				COPY_PHASE_STRIP = NO;
				DEBUG_INFORMATION_FORMAT = "dwarf-with-dsym";
				ENABLE_NS_ASSERTIONS = NO;
				ENABLE_STRICT_OBJC_MSGSEND = YES;
				ENABLE_USER_SCRIPT_SANDBOXING = YES;
				GCC_C_LANGUAGE_STANDARD = gnu17;
				GCC_NO_COMMON_BLOCKS = YES;
				GCC_WARN_64_TO_32_BIT_CONVERSION = YES;
				GCC_WARN_ABOUT_RETURN_TYPE = YES_ERROR;
				GCC_WARN_UNDECLARED_SELECTOR = YES;
				GCC_WARN_UNINITIALIZED_AUTOS = YES_AGGRESSIVE;
				GCC_WARN_UNUSED_FUNCTION = YES;
				GCC_WARN_UNUSED_VARIABLE = YES;
				IPHONEOS_DEPLOYMENT_TARGET = 17.0;
				LOCALIZATION_PREFERS_STRING_CATALOGS = YES;
				MTL_ENABLE_DEBUG_INFO = NO;
				MTL_FAST_MATH = YES;
				SDKROOT = iphoneos;
				SWIFT_COMPILATION_MODE = wholemodule;
				VALIDATE_PRODUCT = YES;
			};
			name = Release;
		};
		B6BE02DC2B03435400632680 /* Debug */ = {
			isa = XCBuildConfiguration;
			baseConfigurationReference = 0D7D799159E8429AC59EEAF6 /* Pods-CustomAlertView.debug.xcconfig */;
			buildSettings = {
				ASSETCATALOG_COMPILER_APPICON_NAME = AppIcon;
				ASSETCATALOG_COMPILER_GLOBAL_ACCENT_COLOR_NAME = AccentColor;
				CODE_SIGN_STYLE = Automatic;
				CURRENT_PROJECT_VERSION = 1;
				DEVELOPMENT_TEAM = 2N64875GLV;
				ENABLE_USER_SCRIPT_SANDBOXING = NO;
				GENERATE_INFOPLIST_FILE = YES;
				INFOPLIST_FILE = CustomAlertView/Info.plist;
				INFOPLIST_KEY_UIApplicationSupportsIndirectInputEvents = YES;
				INFOPLIST_KEY_UILaunchStoryboardName = LaunchScreen;
				INFOPLIST_KEY_UIMainStoryboardFile = Main;
				INFOPLIST_KEY_UISupportedInterfaceOrientations_iPad = "UIInterfaceOrientationPortrait UIInterfaceOrientationPortraitUpsideDown UIInterfaceOrientationLandscapeLeft UIInterfaceOrientationLandscapeRight";
				INFOPLIST_KEY_UISupportedInterfaceOrientations_iPhone = "UIInterfaceOrientationPortrait UIInterfaceOrientationLandscapeLeft UIInterfaceOrientationLandscapeRight";
				IPHONEOS_DEPLOYMENT_TARGET = 14.0;
				LD_RUNPATH_SEARCH_PATHS = (
					"$(inherited)",
					"@executable_path/Frameworks",
				);
				MARKETING_VERSION = 1.0;
				PRODUCT_BUNDLE_IDENTIFIER = com.github.syndicate017.CustomAlertView;
				PRODUCT_NAME = "$(TARGET_NAME)";
				SUPPORTED_PLATFORMS = "iphoneos iphonesimulator";
				SUPPORTS_MACCATALYST = NO;
				SUPPORTS_MAC_DESIGNED_FOR_IPHONE_IPAD = NO;
				SWIFT_EMIT_LOC_STRINGS = YES;
				SWIFT_VERSION = 5.0;
				TARGETED_DEVICE_FAMILY = "1,2";
			};
			name = Debug;
		};
		B6BE02DD2B03435400632680 /* Release */ = {
			isa = XCBuildConfiguration;
			baseConfigurationReference = 323A5D31EF462997D0A06672 /* Pods-CustomAlertView.release.xcconfig */;
			buildSettings = {
				ASSETCATALOG_COMPILER_APPICON_NAME = AppIcon;
				ASSETCATALOG_COMPILER_GLOBAL_ACCENT_COLOR_NAME = AccentColor;
				CODE_SIGN_STYLE = Automatic;
				CURRENT_PROJECT_VERSION = 1;
				DEVELOPMENT_TEAM = 2N64875GLV;
				ENABLE_USER_SCRIPT_SANDBOXING = NO;
				GENERATE_INFOPLIST_FILE = YES;
				INFOPLIST_FILE = CustomAlertView/Info.plist;
				INFOPLIST_KEY_UIApplicationSupportsIndirectInputEvents = YES;
				INFOPLIST_KEY_UILaunchStoryboardName = LaunchScreen;
				INFOPLIST_KEY_UIMainStoryboardFile = Main;
				INFOPLIST_KEY_UISupportedInterfaceOrientations_iPad = "UIInterfaceOrientationPortrait UIInterfaceOrientationPortraitUpsideDown UIInterfaceOrientationLandscapeLeft UIInterfaceOrientationLandscapeRight";
				INFOPLIST_KEY_UISupportedInterfaceOrientations_iPhone = "UIInterfaceOrientationPortrait UIInterfaceOrientationLandscapeLeft UIInterfaceOrientationLandscapeRight";
				IPHONEOS_DEPLOYMENT_TARGET = 14.0;
				LD_RUNPATH_SEARCH_PATHS = (
					"$(inherited)",
					"@executable_path/Frameworks",
				);
				MARKETING_VERSION = 1.0;
				PRODUCT_BUNDLE_IDENTIFIER = com.github.syndicate017.CustomAlertView;
				PRODUCT_NAME = "$(TARGET_NAME)";
				SUPPORTED_PLATFORMS = "iphoneos iphonesimulator";
				SUPPORTS_MACCATALYST = NO;
				SUPPORTS_MAC_DESIGNED_FOR_IPHONE_IPAD = NO;
				SWIFT_EMIT_LOC_STRINGS = YES;
				SWIFT_VERSION = 5.0;
				TARGETED_DEVICE_FAMILY = "1,2";
			};
			name = Release;
		};
/* End XCBuildConfiguration section */

/* Begin XCConfigurationList section */
		B6BE02C22B03434F00632680 /* Build configuration list for PBXProject "CustomAlertView" */ = {
			isa = XCConfigurationList;
			buildConfigurations = (
				B6BE02D92B03435400632680 /* Debug */,
				B6BE02DA2B03435400632680 /* Release */,
			);
			defaultConfigurationIsVisible = 0;
			defaultConfigurationName = Release;
		};
		B6BE02DB2B03435400632680 /* Build configuration list for PBXNativeTarget "CustomAlertView" */ = {
			isa = XCConfigurationList;
			buildConfigurations = (
				B6BE02DC2B03435400632680 /* Debug */,
				B6BE02DD2B03435400632680 /* Release */,
			);
			defaultConfigurationIsVisible = 0;
			defaultConfigurationName = Release;
		};
/* End XCConfigurationList section */
	};
	rootObject = B6BE02BF2B03434F00632680 /* Project object */;
}
